<?xml version="1.0" encoding="utf-8"?>
<Project ToolsVersion="4.0" xmlns="http://schemas.microsoft.com/developer/msbuild/2003">
  <ItemGroup>
    <Filter Include="src">
      <UniqueIdentifier>{ae9eee3a-973a-47e3-b916-15fa88376f81}</UniqueIdentifier>
    </Filter>
  </ItemGroup>
  <ItemGroup>
    <ClCompile Include="src\main.cpp">
      <Filter>src</Filter>
    </ClCompile>
    <ClCompile Include="src\sciter-control.cpp">
      <Filter>src</Filter>
    </ClCompile>
    <ClCompile Include="..\3rdparty\sciter\include\sciter-win-main.cpp">
      <Filter>src</Filter>
    </ClCompile>
  </ItemGroup>
  <ItemGroup>
    <ClInclude Include="src\sciter-control.h">
      <Filter>src</Filter>
    </ClInclude>
  </ItemGroup>
</Project>