<?xml version="1.0" encoding="utf-8"?>
<Project ToolsVersion="4.0" xmlns="http://schemas.microsoft.com/developer/msbuild/2003">
  <ItemGroup>
    <ClCompile Include="src\lsApp.cpp">
      <Filter>src</Filter>
    </ClCompile>
    <ClCompile Include="src\lsCanvas.cpp">
      <Filter>src</Filter>
    </ClCompile>
    <ClCompile Include="src\lsDocument.cpp">
      <Filter>src</Filter>
    </ClCompile>
    <ClCompile Include="src\lsMainFrame.cpp">
      <Filter>src</Filter>
    </ClCompile>
    <ClCompile Include="src\lsView.cpp">
      <Filter>src</Filter>
    </ClCompile>
    <ClCompile Include="src\lsViewControl.cpp">
      <Filter>src</Filter>
    </ClCompile>
    <ClCompile Include="src\lsLine.cpp">
      <Filter>src</Filter>
    </ClCompile>
    <ClCompile Include="src\lsPoint.cpp">
      <Filter>src</Filter>
    </ClCompile>
    <ClCompile Include="src\lsBoundbox.cpp">
      <Filter>src</Filter>
    </ClCompile>
    <ClCompile Include="src\lsDxfReader.cpp">
      <Filter>src</Filter>
    </ClCompile>
    <ClCompile Include="..\3rdparty\dxflib\dl_dxf.cpp">
      <Filter>3rdparty\dxflib</Filter>
    </ClCompile>
    <ClCompile Include="..\3rdparty\dxflib\dl_writer_ascii.cpp">
      <Filter>3rdparty\dxflib</Filter>
    </ClCompile>
  </ItemGroup>
  <ItemGroup>
    <ClInclude Include="src\lsApp.h">
      <Filter>src</Filter>
    </ClInclude>
    <ClInclude Include="src\lsCanvas.h">
      <Filter>src</Filter>
    </ClInclude>
    <ClInclude Include="src\lsDocument.h">
      <Filter>src</Filter>
    </ClInclude>
    <ClInclude Include="src\lsMainFrame.h">
      <Filter>src</Filter>
    </ClInclude>
    <ClInclude Include="src\lsView.h">
      <Filter>src</Filter>
    </ClInclude>
    <ClInclude Include="src\lsViewControl.h">
      <Filter>src</Filter>
    </ClInclude>
    <ClInclude Include="src\lsEntity.h">
      <Filter>src</Filter>
    </ClInclude>
    <ClInclude Include="src\lsLine.h">
      <Filter>src</Filter>
    </ClInclude>
    <ClInclude Include="src\lsDefs.h">
      <Filter>src</Filter>
    </ClInclude>
    <ClInclude Include="src\lsPoint.h">
      <Filter>src</Filter>
    </ClInclude>
    <ClInclude Include="src\lsBoundbox.h">
      <Filter>src</Filter>
    </ClInclude>
    <ClInclude Include="src\lsDxfReader.h">
      <Filter>src</Filter>
    </ClInclude>
    <ClInclude Include="..\3rdparty\dxflib\dl_attributes.h">
      <Filter>3rdparty\dxflib</Filter>
    </ClInclude>
    <ClInclude Include="..\3rdparty\dxflib\dl_codes.h">
      <Filter>3rdparty\dxflib</Filter>
    </ClInclude>
    <ClInclude Include="..\3rdparty\dxflib\dl_creationadapter.h">
      <Filter>3rdparty\dxflib</Filter>
    </ClInclude>
    <ClInclude Include="..\3rdparty\dxflib\dl_creationinterface.h">
      <Filter>3rdparty\dxflib</Filter>
    </ClInclude>
    <ClInclude Include="..\3rdparty\dxflib\dl_dxf.h">
      <Filter>3rdparty\dxflib</Filter>
    </ClInclude>
    <ClInclude Include="..\3rdparty\dxflib\dl_entities.h">
      <Filter>3rdparty\dxflib</Filter>
    </ClInclude>
    <ClInclude Include="..\3rdparty\dxflib\dl_exception.h">
      <Filter>3rdparty\dxflib</Filter>
    </ClInclude>
    <ClInclude Include="..\3rdparty\dxflib\dl_extrusion.h">
      <Filter>3rdparty\dxflib</Filter>
    </ClInclude>
    <ClInclude Include="..\3rdparty\dxflib\dl_global.h">
      <Filter>3rdparty\dxflib</Filter>
    </ClInclude>
    <ClInclude Include="..\3rdparty\dxflib\dl_writer.h">
      <Filter>3rdparty\dxflib</Filter>
    </ClInclude>
    <ClInclude Include="..\3rdparty\dxflib\dl_writer_ascii.h">
      <Filter>3rdparty\dxflib</Filter>
    </ClInclude>
  </ItemGroup>
  <ItemGroup>
    <Filter Include="src">
      <UniqueIdentifier>{1fffbb44-837f-4f6f-b7fc-75ea1ab00dd0}</UniqueIdentifier>
    </Filter>
    <Filter Include="3rdparty">
      <UniqueIdentifier>{65055bf1-c971-4441-9465-fc2c420716db}</UniqueIdentifier>
    </Filter>
    <Filter Include="3rdparty\dxflib">
      <UniqueIdentifier>{f6bf12ce-a952-4ebb-9953-2fbf5b3d16ae}</UniqueIdentifier>
    </Filter>
  </ItemGroup>
</Project>